
Microsoft Visual Studio Solution File, Format Version 12.00
# Visual Studio Version 16
VisualStudioVersion = 16.0.30804.86
MinimumVisualStudioVersion = 10.0.40219.1
Project("{FAE04EC0-301F-11D3-BF4B-00C04F79EFBC}") = "QuickSort", "QuickSort\QuickSort.csproj", "{52E20B1D-FDE7-49A3-AF79-3CEFD1AB27FD}"
EndProject
Project("{FAE04EC0-301F-11D3-BF4B-00C04F79EFBC}") = "BubbleSort", "BubbleSort\BubbleSort.csproj", "{F436B193-6CCC-4080-ADA6-D7F44A2CB0FD}"
EndProject
Project("{FAE04EC0-301F-11D3-BF4B-00C04F79EFBC}") = "BucketSort", "BucketSort\BucketSort.csproj", "{F10443FD-0F39-43E7-AFC4-60609650C9CA}"
EndProject
Global
	GlobalSection(SolutionConfigurationPlatforms) = preSolution
		Debug|Any CPU = Debug|Any CPU
		Release|Any CPU = Release|Any CPU
	EndGlobalSection
	GlobalSection(ProjectConfigurationPlatforms) = postSolution
		{52E20B1D-FDE7-49A3-AF79-3CEFD1AB27FD}.Debug|Any CPU.ActiveCfg = Debug|Any CPU
		{52E20B1D-FDE7-49A3-AF79-3CEFD1AB27FD}.Debug|Any CPU.Build.0 = Debug|Any CPU
		{52E20B1D-FDE7-49A3-AF79-3CEFD1AB27FD}.Release|Any CPU.ActiveCfg = Release|Any CPU
		{52E20B1D-FDE7-49A3-AF79-3CEFD1AB27FD}.Release|Any CPU.Build.0 = Release|Any CPU
		{F436B193-6CCC-4080-ADA6-D7F44A2CB0FD}.Debug|Any CPU.ActiveCfg = Debug|Any CPU
		{F436B193-6CCC-4080-ADA6-D7F44A2CB0FD}.Debug|Any CPU.Build.0 = Debug|Any CPU
		{F436B193-6CCC-4080-ADA6-D7F44A2CB0FD}.Release|Any CPU.ActiveCfg = Release|Any CPU
		{F436B193-6CCC-4080-ADA6-D7F44A2CB0FD}.Release|Any CPU.Build.0 = Release|Any CPU
		{F10443FD-0F39-43E7-AFC4-60609650C9CA}.Debug|Any CPU.ActiveCfg = Debug|Any CPU
		{F10443FD-0F39-43E7-AFC4-60609650C9CA}.Debug|Any CPU.Build.0 = Debug|Any CPU
		{F10443FD-0F39-43E7-AFC4-60609650C9CA}.Release|Any CPU.ActiveCfg = Release|Any CPU
		{F10443FD-0F39-43E7-AFC4-60609650C9CA}.Release|Any CPU.Build.0 = Release|Any CPU
	EndGlobalSection
	GlobalSection(SolutionProperties) = preSolution
		HideSolutionNode = FALSE
	EndGlobalSection
	GlobalSection(ExtensibilityGlobals) = postSolution
		SolutionGuid = {3BB92863-6AB0-4463-92EA-129A4654001D}
	EndGlobalSection
EndGlobal
